
Microsoft Visual Studio Solution File, Format Version 12.00
# Visual Studio Version 17
VisualStudioVersion = 17.7.34031.279
MinimumVisualStudioVersion = 10.0.40219.1
Project("{9A19103F-16F7-4668-BE54-9A1E7A4F7556}") = "HetznerCloudApi", "HetznerCloudApi\HetznerCloudApi.csproj", "{D762351B-635F-4372-8FF0-9210A4F657AF}"
EndProject
Project("{9A19103F-16F7-4668-BE54-9A1E7A4F7556}") = "Test", "Test\Test.csproj", "{C4B88AB3-2C02-41BC-B314-9129C65ECE57}"
EndProject
Project("{2150E333-8FDC-42A3-9474-1A3956D46DE8}") = "Elementos de la solución", "Elementos de la solución", "{0D3D759E-7536-47D4-9DDA-C63A692B39AA}"
	ProjectSection(SolutionItems) = preProject
		CHANGELOG.md = CHANGELOG.md
		..\..\Users\LJChuello\Pictures\icon_128.png = ..\..\Users\LJChuello\Pictures\icon_128.png
		README.md = README.md
	EndProjectSection
EndProject
Global
	GlobalSection(SolutionConfigurationPlatforms) = preSolution
		Debug|Any CPU = Debug|Any CPU
		Release|Any CPU = Release|Any CPU
	EndGlobalSection
	GlobalSection(ProjectConfigurationPlatforms) = postSolution
		{D762351B-635F-4372-8FF0-9210A4F657AF}.Debug|Any CPU.ActiveCfg = Debug|Any CPU
		{D762351B-635F-4372-8FF0-9210A4F657AF}.Debug|Any CPU.Build.0 = Debug|Any CPU
		{D762351B-635F-4372-8FF0-9210A4F657AF}.Release|Any CPU.ActiveCfg = Release|Any CPU
		{D762351B-635F-4372-8FF0-9210A4F657AF}.Release|Any CPU.Build.0 = Release|Any CPU
		{C4B88AB3-2C02-41BC-B314-9129C65ECE57}.Debug|Any CPU.ActiveCfg = Debug|Any CPU
		{C4B88AB3-2C02-41BC-B314-9129C65ECE57}.Debug|Any CPU.Build.0 = Debug|Any CPU
		{C4B88AB3-2C02-41BC-B314-9129C65ECE57}.Release|Any CPU.ActiveCfg = Release|Any CPU
		{C4B88AB3-2C02-41BC-B314-9129C65ECE57}.Release|Any CPU.Build.0 = Release|Any CPU
	EndGlobalSection
	GlobalSection(SolutionProperties) = preSolution
		HideSolutionNode = FALSE
	EndGlobalSection
	GlobalSection(ExtensibilityGlobals) = postSolution
		SolutionGuid = {A7067DA4-665F-4936-A300-BE3438ED40EE}
	EndGlobalSection
EndGlobal
